# THIS IS AN AUTOGENERATED FILE. DO NOT EDIT THIS FILE DIRECTLY.
# yarn lockfile v1


"@actions/core@^1.8.2":
  version "1.8.2"
  resolved "https://registry.yarnpkg.com/@actions/core/-/core-1.8.2.tgz#67539d669ae9b751430469e9ae4d83e0525973ac"
  integrity sha512-FXcBL7nyik8K5ODeCKlxi+vts7torOkoDAKfeh61EAkAy1HAvwn9uVzZBY0f15YcQTcZZ2/iSGBFHEuioZWfDA==
  dependencies:
    "@actions/http-client" "^2.0.1"

"@actions/http-client@^2.0.1":
  version "2.0.1"
  resolved "https://registry.yarnpkg.com/@actions/http-client/-/http-client-2.0.1.tgz#873f4ca98fe32f6839462a6f046332677322f99c"
  integrity sha512-PIXiMVtz6VvyaRsGY268qvj57hXQEpsYogYOu2nrQhlf+XCGmZstmuZBbAybUl1nQGnvS1k1eEsQ69ZoD7xlSw==
  dependencies:
    tunnel "^0.0.6"

"@types/node@^17.0.17":
  version "17.0.17"
  resolved "https://registry.yarnpkg.com/@types/node/-/node-17.0.17.tgz#a8ddf6e0c2341718d74ee3dc413a13a042c45a0c"
  integrity sha512-e8PUNQy1HgJGV3iU/Bp2+D/DXh3PYeyli8LgIwsQcs1Ar1LoaWHSIT6Rw+H2rNJmiq6SNWiDytfx8+gYj7wDHw==

"@vercel/ncc@^0.33.3":
  version "0.33.3"
  resolved "https://registry.yarnpkg.com/@vercel/ncc/-/ncc-0.33.3.tgz#aacc6b3ea9f7b175e0c9a18c9b97e4005a2f4fcc"
  integrity sha512-JGZ11QV+/ZcfudW2Cz2JVp54/pJNXbsuWRgSh2ZmmZdQBKXqBtIGrwI1Wyx8nlbzAiEFe7FHi4K1zX4//jxTnQ==

tunnel@^0.0.6:
  version "0.0.6"
  resolved "https://registry.yarnpkg.com/tunnel/-/tunnel-0.0.6.tgz#72f1314b34a5b192db012324df2cc587ca47f92c"
  integrity sha512-1h/Lnq9yajKY2PEbBadPXj3VxsDDu844OnaAo52UVmIzIvwwtBPIuNvkjuzBlTWpfJyUbG3ez0KSBibQkj4ojg==

typescript@^4.5.5:
  version "4.5.5"
  resolved "https://registry.yarnpkg.com/typescript/-/typescript-4.5.5.tgz#d8c953832d28924a9e3d37c73d729c846c5896f3"
  integrity sha512-TCTIul70LyWe6IJWT8QSYeA54WQe8EjQFU4wY52Fasj5UKx88LNYKCgBEHcOMOrFF1rKGbD8v/xcNWVUq9SymA==
